# This file is generated by running "yarn install" inside your project.
# Manual changes might be lost - proceed with caution!

__metadata:
  version: 8
  cacheKey: 10c0

"@types/hoist-non-react-statics@npm:^3.3.1":
  version: 3.3.7
  resolution: "@types/hoist-non-react-statics@npm:3.3.7"
  dependencies:
    hoist-non-react-statics: "npm:^3.3.0"
  peerDependencies:
    "@types/react": "*"
  checksum: 10c0/ed8f4e88338f7d021d0f956adf6089d2a12b2e254a03c05292324f2e986d2376eb9efdb8a4f04596823e8fca88c9d06361d20dab4a2a00dc935fb36ac911de55
  languageName: node
  linkType: hard

"deepmerge@npm:^2.1.1":
  version: 2.2.1
  resolution: "deepmerge@npm:2.2.1"
  checksum: 10c0/4379288cabd817587cee92a095ea65d18317b45e48010a2e0d87982b5f432239a144f9c8ebd4ab090cc21f0cb47e51ebfe32921f329b3b3084a2711d5d63e450
  languageName: node
  linkType: hard

"formik@npm:^2.4.9":
  version: 2.4.9
  resolution: "formik@npm:2.4.9"
  dependencies:
    "@types/hoist-non-react-statics": "npm:^3.3.1"
    deepmerge: "npm:^2.1.1"
    hoist-non-react-statics: "npm:^3.3.0"
    lodash: "npm:^4.17.21"
    lodash-es: "npm:^4.17.21"
    react-fast-compare: "npm:^2.0.1"
    tiny-warning: "npm:^1.0.2"
    tslib: "npm:^2.0.0"
  peerDependencies:
    react: ">=16.8.0"
  checksum: 10c0/2b76154b624f4464871f56204a7a87fec9f0cc24d742ad4e20628bd680a81ef2ae9966f54b616003f623dc1f7c7b25a25aafa8a59bcc1d940b7526fb665dbd0b
  languageName: node
  linkType: hard

"hoist-non-react-statics@npm:^3.3.0":
  version: 3.3.2
  resolution: "hoist-non-react-statics@npm:3.3.2"
  dependencies:
    react-is: "npm:^16.7.0"
  checksum: 10c0/fe0889169e845d738b59b64badf5e55fa3cf20454f9203d1eb088df322d49d4318df774828e789898dcb280e8a5521bb59b3203385662ca5e9218a6ca5820e74
  languageName: node
  linkType: hard

"lodash-es@npm:^4.17.21":
  version: 4.17.23
  resolution: "lodash-es@npm:4.17.23"
  checksum: 10c0/3150fb6660c14c7a6b5f23bd11597d884b140c0e862a17fdb415aaa5ef7741523182904a6b7929f04e5f60a11edb5a79499eb448734381c99ffb3c4734beeddd
  languageName: node
  linkType: hard

"lodash@npm:^4.17.21":
  version: 4.17.23
  resolution: "lodash@npm:4.17.23"
  checksum: 10c0/1264a90469f5bb95d4739c43eb6277d15b6d9e186df4ac68c3620443160fc669e2f14c11e7d8b2ccf078b81d06147c01a8ccced9aab9f9f63d50dcf8cace6bf6
  languageName: node
  linkType: hard

"property-expr@npm:^2.0.5":
  version: 2.0.6
  resolution: "property-expr@npm:2.0.6"
  checksum: 10c0/69b7da15038a1146d6447c69c445306f66a33c425271235bb20507f1846dbf9577a8f9dfafe8acbfcb66f924b270157f155248308f026a68758f35fc72265b3c
  languageName: node
  linkType: hard

"react-fast-compare@npm:^2.0.1":
  version: 2.0.4
  resolution: "react-fast-compare@npm:2.0.4"
  checksum: 10c0/f0300c677e95198b5f993cbb8a983dab09586157dc678f9e2b5b29ff941b6677a8776fbbdc425ce102fad86937e36bb45cfcfd797f006270b97ccf287ebfb885
  languageName: node
  linkType: hard

"react-is@npm:^16.7.0":
  version: 16.13.1
  resolution: "react-is@npm:16.13.1"
  checksum: 10c0/33977da7a5f1a287936a0c85639fec6ca74f4f15ef1e59a6bc20338fc73dc69555381e211f7a3529b8150a1f71e4225525b41b60b52965bda53ce7d47377ada1
  languageName: node
  linkType: hard

"root-workspace-0b6124@workspace:.":
  version: 0.0.0-use.local
  resolution: "root-workspace-0b6124@workspace:."
  dependencies:
    formik: "npm:^2.4.9"
    yup: "npm:^1.7.1"
  languageName: unknown
  linkType: soft

"tiny-case@npm:^1.0.3":
  version: 1.0.3
  resolution: "tiny-case@npm:1.0.3"
  checksum: 10c0/c0cbed35884a322265e2cd61ff435168d1ea523f88bf3864ce14a238ae9169e732649776964283a66e4eb882e655992081d4daf8c865042e2233425866111b35
  languageName: node
  linkType: hard

"tiny-warning@npm:^1.0.2":
  version: 1.0.3
  resolution: "tiny-warning@npm:1.0.3"
  checksum: 10c0/ef8531f581b30342f29670cb41ca248001c6fd7975ce22122bd59b8d62b4fc84ad4207ee7faa95cde982fa3357cd8f4be650142abc22805538c3b1392d7084fa
  languageName: node
  linkType: hard

"toposort@npm:^2.0.2":
  version: 2.0.2
  resolution: "toposort@npm:2.0.2"
  checksum: 10c0/ab9ca91fce4b972ccae9e2f539d755bf799a0c7eb60da07fd985fce0f14c159ed1e92305ff55697693b5bc13e300f5417db90e2593b127d421c9f6c440950222
  languageName: node
  linkType: hard

"tslib@npm:^2.0.0":
  version: 2.8.1
  resolution: "tslib@npm:2.8.1"
  checksum: 10c0/9c4759110a19c53f992d9aae23aac5ced636e99887b51b9e61def52611732872ff7668757d4e4c61f19691e36f4da981cd9485e869b4a7408d689f6bf1f14e62
  languageName: node
  linkType: hard

"type-fest@npm:^2.19.0":
  version: 2.19.0
  resolution: "type-fest@npm:2.19.0"
  checksum: 10c0/a5a7ecf2e654251613218c215c7493574594951c08e52ab9881c9df6a6da0aeca7528c213c622bc374b4e0cb5c443aa3ab758da4e3c959783ce884c3194e12cb
  languageName: node
  linkType: hard

"yup@npm:^1.7.1":
  version: 1.7.1
  resolution: "yup@npm:1.7.1"
  dependencies:
    property-expr: "npm:^2.0.5"
    tiny-case: "npm:^1.0.3"
    toposort: "npm:^2.0.2"
    type-fest: "npm:^2.19.0"
  checksum: 10c0/76b8c7fc2ba467a346935d027a25c067f9653bb0413cd60fbe0518e3d62637a56dbfca49979c4bab1a93d8e9a50843ca73d90bdc271e2f5bce1effa7734e5f28
  languageName: node
  linkType: hard
